dependencies:
  node-fetch: 2.6.1
  outdent: 0.8.0
devDependencies:
  '@papaia/prettier': 2.0.1
  dotenv: 8.2.0
lockfileVersion: 5.2
packages:
  /@papaia/prettier/2.0.1:
    dev: true
    resolution:
      integrity: sha512-Tu9GKX2yM7wcyhUBB2MahQT6f6FTHB3kK7LrHljWMsc4ByA63xeZCtiMkPzzY+wWjLGVZLjVeNAUf54BVYDGPA==
  /dotenv/8.2.0:
    dev: true
    engines:
      node: '>=8'
    resolution:
      integrity: sha512-8sJ78ElpbDJBHNeBzUbUVLsqKdccaa/BXF1uPTw3GrvQTBgrQrtObr2mUrE38vzYd8cEv+m/JBfDLioYcfXoaw==
  /node-fetch/2.6.1:
    dev: false
    engines:
      node: 4.x || >=6.0.0
    resolution:
      integrity: sha512-V4aYg89jEoVRxRb2fJdAg8FHvI7cEyYdVAh94HH0UIK8oJxUfkjlDQN9RbMx+bEjP7+ggMiFRprSti032Oipxw==
  /outdent/0.8.0:
    dev: false
    resolution:
      integrity: sha512-KiOAIsdpUTcAXuykya5fnVVT+/5uS0Q1mrkRHcF89tpieSmY33O/tmc54CqwA+bfhbtEfZUNLHaPUiB9X3jt1A==
specifiers:
  '@papaia/prettier': ^2.0.1
  dotenv: ^8.2.0
  node-fetch: ^2.6.1
  outdent: ^0.8.0
