lockfileVersion: 5.3

specifiers:
  '@papaia/prettier': ^2.2.0
  dotenv: ^9.0.2
  node-fetch: ^2.6.1
  outdent: ^0.8.0

dependencies:
  dotenv: 9.0.2
  node-fetch: 2.6.1
  outdent: 0.8.0

devDependencies:
  '@papaia/prettier': 2.2.0

packages:

  /@papaia/prettier/2.2.0:
    resolution: {integrity: sha512-a15a1rGQba/ERu1vrhWvwkP/lx5hH9MBUihd1IJH5m/PRI0gTiLsuozHPyX5SAZ3OWqPk13oLkvA/y5bD6CiNQ==}
    dev: true

  /dotenv/9.0.2:
    resolution: {integrity: sha512-I9OvvrHp4pIARv4+x9iuewrWycX6CcZtoAu1XrzPxc5UygMJXJZYmBsynku8IkrJwgypE5DGNjDPmPRhDCptUg==}
    engines: {node: '>=10'}
    dev: false

  /node-fetch/2.6.1:
    resolution: {integrity: sha512-V4aYg89jEoVRxRb2fJdAg8FHvI7cEyYdVAh94HH0UIK8oJxUfkjlDQN9RbMx+bEjP7+ggMiFRprSti032Oipxw==}
    engines: {node: 4.x || >=6.0.0}
    dev: false

  /outdent/0.8.0:
    resolution: {integrity: sha512-KiOAIsdpUTcAXuykya5fnVVT+/5uS0Q1mrkRHcF89tpieSmY33O/tmc54CqwA+bfhbtEfZUNLHaPUiB9X3jt1A==}
    dev: false
